
Microsoft Visual Studio Solution File, Format Version 12.00
# Visual Studio Version 17
VisualStudioVersion = 17.2.32602.215
MinimumVisualStudioVersion = 10.0.40219.1
Project("{9A19103F-16F7-4668-BE54-9A1E7A4F7556}") = "MelfaRobotTestApp", "..\..\..\..\..\Git\Sand-Box-.NET-Modular-API-Library\UniversalUI\MelfaRobotTestApp\MelfaRobotTestApp.csproj", "{FFB3A5CA-3414-42D1-A7FC-554D99A44550}"
EndProject
Global
	GlobalSection(SolutionConfigurationPlatforms) = preSolution
		Debug|Any CPU = Debug|Any CPU
		Release|Any CPU = Release|Any CPU
	EndGlobalSection
	GlobalSection(ProjectConfigurationPlatforms) = postSolution
		{FFB3A5CA-3414-42D1-A7FC-554D99A44550}.Debug|Any CPU.ActiveCfg = Debug|Any CPU
		{FFB3A5CA-3414-42D1-A7FC-554D99A44550}.Debug|Any CPU.Build.0 = Debug|Any CPU
		{FFB3A5CA-3414-42D1-A7FC-554D99A44550}.Release|Any CPU.ActiveCfg = Release|Any CPU
		{FFB3A5CA-3414-42D1-A7FC-554D99A44550}.Release|Any CPU.Build.0 = Release|Any CPU
	EndGlobalSection
	GlobalSection(SolutionProperties) = preSolution
		HideSolutionNode = FALSE
	EndGlobalSection
	GlobalSection(ExtensibilityGlobals) = postSolution
		SolutionGuid = {F8B617E9-5108-4CA9-BD47-9F7F0C7DFE63}
	EndGlobalSection
EndGlobal
